
Microsoft Visual Studio Solution File, Format Version 12.00
# Visual Studio Version 17
VisualStudioVersion = 17.11.35222.181
MinimumVisualStudioVersion = 10.0.40219.1
Project("{FAE04EC0-301F-11D3-BF4B-00C04F79EFBC}") = "GMEPDesignTool", "GMEPDesignTool\GMEPDesignTool.csproj", "{6C4E292D-B671-4C36-A422-5D7AAA531DC8}"
EndProject
Global
	GlobalSection(SolutionConfigurationPlatforms) = preSolution
		Debug|Any CPU = Debug|Any CPU
		Release|Any CPU = Release|Any CPU
	EndGlobalSection
	GlobalSection(ProjectConfigurationPlatforms) = postSolution
		{6C4E292D-B671-4C36-A422-5D7AAA531DC8}.Debug|Any CPU.ActiveCfg = Debug|Any CPU
		{6C4E292D-B671-4C36-A422-5D7AAA531DC8}.Debug|Any CPU.Build.0 = Debug|Any CPU
		{6C4E292D-B671-4C36-A422-5D7AAA531DC8}.Release|Any CPU.ActiveCfg = Release|Any CPU
		{6C4E292D-B671-4C36-A422-5D7AAA531DC8}.Release|Any CPU.Build.0 = Release|Any CPU
	EndGlobalSection
	GlobalSection(SolutionProperties) = preSolution
		HideSolutionNode = FALSE
	EndGlobalSection
	GlobalSection(ExtensibilityGlobals) = postSolution
		SolutionGuid = {235162D3-C841-4DD6-91EA-443E3FC2C7AA}
	EndGlobalSection
EndGlobal
